{
  "name": "docs",
  "lockfileVersion": 2,
  "requires": true,
  "packages": {
    "": {
      "dependencies": {
        "autoprefixer": "^10.4.0",
        "postcss": "^8.4.5",
        "postcss-cli": "^9.0.2"
      },
      "devDependencies": {
        "prettier": "^2.5.1"
      }
    },
    "node_modules/@nodelib/fs.scandir": {
      "version": "2.1.5",
      "license": "MIT",
      "dependencies": {
        "@nodelib/fs.stat": "2.0.5",
        "run-parallel": "^1.1.9"
      },
      "engines": {
        "node": ">= 8"
      }
    },
    "node_modules/@nodelib/fs.stat": {
      "version": "2.0.5",
      "license": "MIT",
      "engines": {
        "node": ">= 8"
      }
    },
    "node_modules/@nodelib/fs.walk": {
      "version": "1.2.8",
      "license": "MIT",
      "dependencies": {
        "@nodelib/fs.scandir": "2.1.5",
        "fastq": "^1.6.0"
      },
      "engines": {
        "node": ">= 8"
      }
    },
    "node_modules/ansi-regex": {
      "version": "5.0.1",
      "license": "MIT",
      "engines": {
        "node": ">=8"
      }
    },
    "node_modules/ansi-styles": {
      "version": "4.3.0",
      "license": "MIT",
      "dependencies": {
        "color-convert": "^2.0.1"
      },
      "engines": {
        "node": ">=8"
      },
      "funding": {
        "url": "https://github.com/chalk/ansi-styles?sponsor=1"
      }
    },
    "node_modules/anymatch": {
      "version": "3.1.2",
      "license": "ISC",
      "dependencies": {
        "normalize-path": "^3.0.0",
        "picomatch": "^2.0.4"
      },
      "engines": {
        "node": ">= 8"
      }
    },
    "node_modules/array-union": {
      "version": "3.0.1",
      "license": "MIT",
      "engines": {
        "node": ">=12"
      },
      "funding": {
        "url": "https://github.com/sponsors/sindresorhus"
      }
    },
    "node_modules/autoprefixer": {
      "version": "10.4.0",
      "license": "MIT",
      "dependencies": {
        "browserslist": "^4.17.5",
        "caniuse-lite": "^1.0.30001272",
        "fraction.js": "^4.1.1",
        "normalize-range": "^0.1.2",
        "picocolors": "^1.0.0",
        "postcss-value-parser": "^4.1.0"
      },
      "bin": {
        "autoprefixer": "bin/autoprefixer"
      },
      "engines": {
        "node": "^10 || ^12 || >=14"
      },
      "funding": {
        "type": "opencollective",
        "url": "https://opencollective.com/postcss/"
      },
      "peerDependencies": {
        "postcss": "^8.1.0"
      }
    },
    "node_modules/binary-extensions": {
      "version": "2.2.0",
      "license": "MIT",
      "engines": {
        "node": ">=8"
      }
    },
    "node_modules/braces": {
      "version": "3.0.2",
      "license": "MIT",
      "dependencies": {
        "fill-range": "^7.0.1"
      },
      "engines": {
        "node": ">=8"
      }
    },
    "node_modules/browserslist": {
      "version": "4.18.1",
      "license": "MIT",
      "dependencies": {
        "caniuse-lite": "^1.0.30001280",
        "electron-to-chromium": "^1.3.896",
        "escalade": "^3.1.1",
        "node-releases": "^2.0.1",
        "picocolors": "^1.0.0"
      },
      "bin": {
        "browserslist": "cli.js"
      },
      "engines": {
        "node": "^6 || ^7 || ^8 || ^9 || ^10 || ^11 || ^12 || >=13.7"
      },
      "funding": {
        "type": "opencollective",
        "url": "https://opencollective.com/browserslist"
      }
    },
    "node_modules/caniuse-lite": {
      "version": "1.0.30001286",
      "license": "CC-BY-4.0",
      "funding": {
        "type": "opencollective",
        "url": "https://opencollective.com/browserslist"
      }
    },
    "node_modules/chokidar": {
      "version": "3.5.2",
      "license": "MIT",
      "dependencies": {
        "anymatch": "~3.1.2",
        "braces": "~3.0.2",
        "glob-parent": "~5.1.2",
        "is-binary-path": "~2.1.0",
        "is-glob": "~4.0.1",
        "normalize-path": "~3.0.0",
        "readdirp": "~3.6.0"
      },
      "engines": {
        "node": ">= 8.10.0"
      },
      "optionalDependencies": {
        "fsevents": "~2.3.2"
      }
    },
    "node_modules/cliui": {
      "version": "7.0.4",
      "license": "ISC",
      "dependencies": {
        "string-width": "^4.2.0",
        "strip-ansi": "^6.0.0",
        "wrap-ansi": "^7.0.0"
      }
    },
    "node_modules/color-convert": {
      "version": "2.0.1",
      "license": "MIT",
      "dependencies": {
        "color-name": "~1.1.4"
      },
      "engines": {
        "node": ">=7.0.0"
      }
    },
    "node_modules/color-name": {
      "version": "1.1.4",
      "license": "MIT"
    },
    "node_modules/dependency-graph": {
      "version": "0.11.0",
      "license": "MIT",
      "engines": {
        "node": ">= 0.6.0"
      }
    },
    "node_modules/dir-glob": {
      "version": "3.0.1",
      "license": "MIT",
      "dependencies": {
        "path-type": "^4.0.0"
      },
      "engines": {
        "node": ">=8"
      }
    },
    "node_modules/electron-to-chromium": {
      "version": "1.4.17",
      "license": "ISC"
    },
    "node_modules/emoji-regex": {
      "version": "8.0.0",
      "license": "MIT"
    },
    "node_modules/escalade": {
      "version": "3.1.1",
      "license": "MIT",
      "engines": {
        "node": ">=6"
      }
    },
    "node_modules/fast-glob": {
      "version": "3.2.7",
      "license": "MIT",
      "dependencies": {
        "@nodelib/fs.stat": "^2.0.2",
        "@nodelib/fs.walk": "^1.2.3",
        "glob-parent": "^5.1.2",
        "merge2": "^1.3.0",
        "micromatch": "^4.0.4"
      },
      "engines": {
        "node": ">=8"
      }
    },
    "node_modules/fastq": {
      "version": "1.13.0",
      "license": "ISC",
      "dependencies": {
        "reusify": "^1.0.4"
      }
    },
    "node_modules/fill-range": {
      "version": "7.0.1",
      "license": "MIT",
      "dependencies": {
        "to-regex-range": "^5.0.1"
      },
      "engines": {
        "node": ">=8"
      }
    },
    "node_modules/fraction.js": {
      "version": "4.1.2",
      "license": "MIT",
      "engines": {
        "node": "*"
      },
      "funding": {
        "type": "patreon",
        "url": "https://www.patreon.com/infusion"
      }
    },
    "node_modules/fs-extra": {
      "version": "10.0.0",
      "license": "MIT",
      "dependencies": {
        "graceful-fs": "^4.2.0",
        "jsonfile": "^6.0.1",
        "universalify": "^2.0.0"
      },
      "engines": {
        "node": ">=12"
      }
    },
    "node_modules/get-caller-file": {
      "version": "2.0.5",
      "license": "ISC",
      "engines": {
        "node": "6.* || 8.* || >= 10.*"
      }
    },
    "node_modules/get-stdin": {
      "version": "9.0.0",
      "license": "MIT",
      "engines": {
        "node": ">=12"
      },
      "funding": {
        "url": "https://github.com/sponsors/sindresorhus"
      }
    },
    "node_modules/glob-parent": {
      "version": "5.1.2",
      "license": "ISC",
      "dependencies": {
        "is-glob": "^4.0.1"
      },
      "engines": {
        "node": ">= 6"
      }
    },
    "node_modules/globby": {
      "version": "12.0.2",
      "license": "MIT",
      "dependencies": {
        "array-union": "^3.0.1",
        "dir-glob": "^3.0.1",
        "fast-glob": "^3.2.7",
        "ignore": "^5.1.8",
        "merge2": "^1.4.1",
        "slash": "^4.0.0"
      },
      "engines": {
        "node": "^12.20.0 || ^14.13.1 || >=16.0.0"
      },
      "funding": {
        "url": "https://github.com/sponsors/sindresorhus"
      }
    },
    "node_modules/graceful-fs": {
      "version": "4.2.8",
      "license": "ISC"
    },
    "node_modules/ignore": {
      "version": "5.1.9",
      "license": "MIT",
      "engines": {
        "node": ">= 4"
      }
    },
    "node_modules/import-cwd": {
      "version": "3.0.0",
      "license": "MIT",
      "dependencies": {
        "import-from": "^3.0.0"
      },
      "engines": {
        "node": ">=8"
      }
    },
    "node_modules/import-from": {
      "version": "3.0.0",
      "license": "MIT",
      "dependencies": {
        "resolve-from": "^5.0.0"
      },
      "engines": {
        "node": ">=8"
      }
    },
    "node_modules/is-binary-path": {
      "version": "2.1.0",
      "license": "MIT",
      "dependencies": {
        "binary-extensions": "^2.0.0"
      },
      "engines": {
        "node": ">=8"
      }
    },
    "node_modules/is-extglob": {
      "version": "2.1.1",
      "license": "MIT",
      "engines": {
        "node": ">=0.10.0"
      }
    },
    "node_modules/is-fullwidth-code-point": {
      "version": "3.0.0",
      "license": "MIT",
      "engines": {
        "node": ">=8"
      }
    },
    "node_modules/is-glob": {
      "version": "4.0.3",
      "license": "MIT",
      "dependencies": {
        "is-extglob": "^2.1.1"
      },
      "engines": {
        "node": ">=0.10.0"
      }
    },
    "node_modules/is-number": {
      "version": "7.0.0",
      "license": "MIT",
      "engines": {
        "node": ">=0.12.0"
      }
    },
    "node_modules/jsonfile": {
      "version": "6.1.0",
      "license": "MIT",
      "dependencies": {
        "universalify": "^2.0.0"
      },
      "optionalDependencies": {
        "graceful-fs": "^4.1.6"
      }
    },
    "node_modules/lilconfig": {
      "version": "2.0.4",
      "license": "MIT",
      "engines": {
        "node": ">=10"
      }
    },
    "node_modules/lodash.difference": {
      "version": "4.5.0",
      "license": "MIT"
    },
    "node_modules/lodash.forown": {
      "version": "4.4.0",
      "license": "MIT"
    },
    "node_modules/lodash.get": {
      "version": "4.4.2",
      "license": "MIT"
    },
    "node_modules/lodash.groupby": {
      "version": "4.6.0",
      "license": "MIT"
    },
    "node_modules/lodash.sortby": {
      "version": "4.7.0",
      "license": "MIT"
    },
    "node_modules/merge2": {
      "version": "1.4.1",
      "license": "MIT",
      "engines": {
        "node": ">= 8"
      }
    },
    "node_modules/micromatch": {
      "version": "4.0.4",
      "license": "MIT",
      "dependencies": {
        "braces": "^3.0.1",
        "picomatch": "^2.2.3"
      },
      "engines": {
        "node": ">=8.6"
      }
    },
    "node_modules/nanoid": {
      "version": "3.1.30",
      "license": "MIT",
      "bin": {
        "nanoid": "bin/nanoid.cjs"
      },
      "engines": {
        "node": "^10 || ^12 || ^13.7 || ^14 || >=15.0.1"
      }
    },
    "node_modules/node-releases": {
      "version": "2.0.1",
      "license": "MIT"
    },
    "node_modules/normalize-path": {
      "version": "3.0.0",
      "license": "MIT",
      "engines": {
        "node": ">=0.10.0"
      }
    },
    "node_modules/normalize-range": {
      "version": "0.1.2",
      "license": "MIT",
      "engines": {
        "node": ">=0.10.0"
      }
    },
    "node_modules/path-type": {
      "version": "4.0.0",
      "license": "MIT",
      "engines": {
        "node": ">=8"
      }
    },
    "node_modules/picocolors": {
      "version": "1.0.0",
      "license": "ISC"
    },
    "node_modules/picomatch": {
      "version": "2.3.0",
      "license": "MIT",
      "engines": {
        "node": ">=8.6"
      },
      "funding": {
        "url": "https://github.com/sponsors/jonschlinkert"
      }
    },
    "node_modules/pify": {
      "version": "2.3.0",
      "license": "MIT",
      "engines": {
        "node": ">=0.10.0"
      }
    },
    "node_modules/postcss": {
      "version": "8.4.5",
      "license": "MIT",
      "dependencies": {
        "nanoid": "^3.1.30",
        "picocolors": "^1.0.0",
        "source-map-js": "^1.0.1"
      },
      "engines": {
        "node": "^10 || ^12 || >=14"
      },
      "funding": {
        "type": "opencollective",
        "url": "https://opencollective.com/postcss/"
      }
    },
    "node_modules/postcss-cli": {
      "version": "9.0.2",
      "license": "MIT",
      "dependencies": {
        "chokidar": "^3.3.0",
        "dependency-graph": "^0.11.0",
        "fs-extra": "^10.0.0",
        "get-stdin": "^9.0.0",
        "globby": "^12.0.0",
        "picocolors": "^1.0.0",
        "postcss-load-config": "^3.0.0",
        "postcss-reporter": "^7.0.0",
        "pretty-hrtime": "^1.0.3",
        "read-cache": "^1.0.0",
        "slash": "^4.0.0",
        "yargs": "^17.0.0"
      },
      "bin": {
        "postcss": "index.js"
      },
      "engines": {
        "node": ">=12"
      },
      "peerDependencies": {
        "postcss": "^8.0.0"
      }
    },
    "node_modules/postcss-load-config": {
      "version": "3.1.0",
      "license": "MIT",
      "dependencies": {
        "import-cwd": "^3.0.0",
        "lilconfig": "^2.0.3",
        "yaml": "^1.10.2"
      },
      "engines": {
        "node": ">= 10"
      },
      "funding": {
        "type": "opencollective",
        "url": "https://opencollective.com/postcss/"
      },
      "peerDependencies": {
        "ts-node": ">=9.0.0"
      },
      "peerDependenciesMeta": {
        "ts-node": {
          "optional": true
        }
      }
    },
    "node_modules/postcss-reporter": {
      "version": "7.0.4",
      "license": "MIT",
      "dependencies": {
        "lodash.difference": "^4.5.0",
        "lodash.forown": "^4.4.0",
        "lodash.get": "^4.4.2",
        "lodash.groupby": "^4.6.0",
        "lodash.sortby": "^4.7.0",
        "picocolors": "^1.0.0"
      },
      "engines": {
        "node": ">=10"
      },
      "funding": {
        "type": "opencollective",
        "url": "https://opencollective.com/postcss/"
      },
      "peerDependencies": {
        "postcss": "^8.1.0"
      }
    },
    "node_modules/postcss-value-parser": {
      "version": "4.2.0",
      "license": "MIT"
    },
    "node_modules/prettier": {
      "version": "2.5.1",
      "dev": true,
      "license": "MIT",
      "bin": {
        "prettier": "bin-prettier.js"
      },
      "engines": {
        "node": ">=10.13.0"
      }
    },
    "node_modules/pretty-hrtime": {
      "version": "1.0.3",
      "license": "MIT",
      "engines": {
        "node": ">= 0.8"
      }
    },
    "node_modules/queue-microtask": {
      "version": "1.2.3",
      "funding": [
        {
          "type": "github",
          "url": "https://github.com/sponsors/feross"
        },
        {
          "type": "patreon",
          "url": "https://www.patreon.com/feross"
        },
        {
          "type": "consulting",
          "url": "https://feross.org/support"
        }
      ],
      "license": "MIT"
    },
    "node_modules/read-cache": {
      "version": "1.0.0",
      "license": "MIT",
      "dependencies": {
        "pify": "^2.3.0"
      }
    },
    "node_modules/readdirp": {
      "version": "3.6.0",
      "license": "MIT",
      "dependencies": {
        "picomatch": "^2.2.1"
      },
      "engines": {
        "node": ">=8.10.0"
      }
    },
    "node_modules/require-directory": {
      "version": "2.1.1",
      "license": "MIT",
      "engines": {
        "node": ">=0.10.0"
      }
    },
    "node_modules/resolve-from": {
      "version": "5.0.0",
      "license": "MIT",
      "engines": {
        "node": ">=8"
      }
    },
    "node_modules/reusify": {
      "version": "1.0.4",
      "license": "MIT",
      "engines": {
        "iojs": ">=1.0.0",
        "node": ">=0.10.0"
      }
    },
    "node_modules/run-parallel": {
      "version": "1.2.0",
      "funding": [
        {
          "type": "github",
          "url": "https://github.com/sponsors/feross"
        },
        {
          "type": "patreon",
          "url": "https://www.patreon.com/feross"
        },
        {
          "type": "consulting",
          "url": "https://feross.org/support"
        }
      ],
      "license": "MIT",
      "dependencies": {
        "queue-microtask": "^1.2.2"
      }
    },
    "node_modules/slash": {
      "version": "4.0.0",
      "license": "MIT",
      "engines": {
        "node": ">=12"
      },
      "funding": {
        "url": "https://github.com/sponsors/sindresorhus"
      }
    },
    "node_modules/source-map-js": {
      "version": "1.0.1",
      "license": "BSD-3-Clause",
      "engines": {
        "node": ">=0.10.0"
      }
    },
    "node_modules/string-width": {
      "version": "4.2.3",
      "license": "MIT",
      "dependencies": {
        "emoji-regex": "^8.0.0",
        "is-fullwidth-code-point": "^3.0.0",
        "strip-ansi": "^6.0.1"
      },
      "engines": {
        "node": ">=8"
      }
    },
    "node_modules/strip-ansi": {
      "version": "6.0.1",
      "license": "MIT",
      "dependencies": {
        "ansi-regex": "^5.0.1"
      },
      "engines": {
        "node": ">=8"
      }
    },
    "node_modules/to-regex-range": {
      "version": "5.0.1",
      "license": "MIT",
      "dependencies": {
        "is-number": "^7.0.0"
      },
      "engines": {
        "node": ">=8.0"
      }
    },
    "node_modules/universalify": {
      "version": "2.0.0",
      "license": "MIT",
      "engines": {
        "node": ">= 10.0.0"
      }
    },
    "node_modules/wrap-ansi": {
      "version": "7.0.0",
      "license": "MIT",
      "dependencies": {
        "ansi-styles": "^4.0.0",
        "string-width": "^4.1.0",
        "strip-ansi": "^6.0.0"
      },
      "engines": {
        "node": ">=10"
      },
      "funding": {
        "url": "https://github.com/chalk/wrap-ansi?sponsor=1"
      }
    },
    "node_modules/y18n": {
      "version": "5.0.8",
      "license": "ISC",
      "engines": {
        "node": ">=10"
      }
    },
    "node_modules/yaml": {
      "version": "1.10.2",
      "license": "ISC",
      "engines": {
        "node": ">= 6"
      }
    },
    "node_modules/yargs": {
      "version": "17.2.1",
      "license": "MIT",
      "dependencies": {
        "cliui": "^7.0.2",
        "escalade": "^3.1.1",
        "get-caller-file": "^2.0.5",
        "require-directory": "^2.1.1",
        "string-width": "^4.2.0",
        "y18n": "^5.0.5",
        "yargs-parser": "^20.2.2"
      },
      "engines": {
        "node": ">=12"
      }
    },
    "node_modules/yargs-parser": {
      "version": "20.2.9",
      "license": "ISC",
      "engines": {
        "node": ">=10"
      }
    }
  },
  "dependencies": {
    "@nodelib/fs.scandir": {
      "version": "2.1.5",
      "requires": {
        "@nodelib/fs.stat": "2.0.5",
        "run-parallel": "^1.1.9"
      }
    },
    "@nodelib/fs.stat": {
      "version": "2.0.5"
    },
    "@nodelib/fs.walk": {
      "version": "1.2.8",
      "requires": {
        "@nodelib/fs.scandir": "2.1.5",
        "fastq": "^1.6.0"
      }
    },
    "ansi-regex": {
      "version": "5.0.1"
    },
    "ansi-styles": {
      "version": "4.3.0",
      "requires": {
        "color-convert": "^2.0.1"
      }
    },
    "anymatch": {
      "version": "3.1.2",
      "requires": {
        "normalize-path": "^3.0.0",
        "picomatch": "^2.0.4"
      }
    },
    "array-union": {
      "version": "3.0.1"
    },
    "autoprefixer": {
      "version": "10.4.0",
      "requires": {
        "browserslist": "^4.17.5",
        "caniuse-lite": "^1.0.30001272",
        "fraction.js": "^4.1.1",
        "normalize-range": "^0.1.2",
        "picocolors": "^1.0.0",
        "postcss-value-parser": "^4.1.0"
      }
    },
    "binary-extensions": {
      "version": "2.2.0"
    },
    "braces": {
      "version": "3.0.2",
      "requires": {
        "fill-range": "^7.0.1"
      }
    },
    "browserslist": {
      "version": "4.18.1",
      "requires": {
        "caniuse-lite": "^1.0.30001280",
        "electron-to-chromium": "^1.3.896",
        "escalade": "^3.1.1",
        "node-releases": "^2.0.1",
        "picocolors": "^1.0.0"
      }
    },
    "caniuse-lite": {
      "version": "1.0.30001286"
    },
    "chokidar": {
      "version": "3.5.2",
      "requires": {
        "anymatch": "~3.1.2",
        "braces": "~3.0.2",
        "fsevents": "~2.3.2",
        "glob-parent": "~5.1.2",
        "is-binary-path": "~2.1.0",
        "is-glob": "~4.0.1",
        "normalize-path": "~3.0.0",
        "readdirp": "~3.6.0"
      }
    },
    "cliui": {
      "version": "7.0.4",
      "requires": {
        "string-width": "^4.2.0",
        "strip-ansi": "^6.0.0",
        "wrap-ansi": "^7.0.0"
      }
    },
    "color-convert": {
      "version": "2.0.1",
      "requires": {
        "color-name": "~1.1.4"
      }
    },
    "color-name": {
      "version": "1.1.4"
    },
    "dependency-graph": {
      "version": "0.11.0"
    },
    "dir-glob": {
      "version": "3.0.1",
      "requires": {
        "path-type": "^4.0.0"
      }
    },
    "electron-to-chromium": {
      "version": "1.4.17"
    },
    "emoji-regex": {
      "version": "8.0.0"
    },
    "escalade": {
      "version": "3.1.1"
    },
    "fast-glob": {
      "version": "3.2.7",
      "requires": {
        "@nodelib/fs.stat": "^2.0.2",
        "@nodelib/fs.walk": "^1.2.3",
        "glob-parent": "^5.1.2",
        "merge2": "^1.3.0",
        "micromatch": "^4.0.4"
      }
    },
    "fastq": {
      "version": "1.13.0",
      "requires": {
        "reusify": "^1.0.4"
      }
    },
    "fill-range": {
      "version": "7.0.1",
      "requires": {
        "to-regex-range": "^5.0.1"
      }
    },
    "fraction.js": {
      "version": "4.1.2"
    },
    "fs-extra": {
      "version": "10.0.0",
      "requires": {
        "graceful-fs": "^4.2.0",
        "jsonfile": "^6.0.1",
        "universalify": "^2.0.0"
      }
    },
    "get-caller-file": {
      "version": "2.0.5"
    },
    "get-stdin": {
      "version": "9.0.0"
    },
    "glob-parent": {
      "version": "5.1.2",
      "requires": {
        "is-glob": "^4.0.1"
      }
    },
    "globby": {
      "version": "12.0.2",
      "requires": {
        "array-union": "^3.0.1",
        "dir-glob": "^3.0.1",
        "fast-glob": "^3.2.7",
        "ignore": "^5.1.8",
        "merge2": "^1.4.1",
        "slash": "^4.0.0"
      }
    },
    "graceful-fs": {
      "version": "4.2.8"
    },
    "ignore": {
      "version": "5.1.9"
    },
    "import-cwd": {
      "version": "3.0.0",
      "requires": {
        "import-from": "^3.0.0"
      }
    },
    "import-from": {
      "version": "3.0.0",
      "requires": {
        "resolve-from": "^5.0.0"
      }
    },
    "is-binary-path": {
      "version": "2.1.0",
      "requires": {
        "binary-extensions": "^2.0.0"
      }
    },
    "is-extglob": {
      "version": "2.1.1"
    },
    "is-fullwidth-code-point": {
      "version": "3.0.0"
    },
    "is-glob": {
      "version": "4.0.3",
      "requires": {
        "is-extglob": "^2.1.1"
      }
    },
    "is-number": {
      "version": "7.0.0"
    },
    "jsonfile": {
      "version": "6.1.0",
      "requires": {
        "graceful-fs": "^4.1.6",
        "universalify": "^2.0.0"
      }
    },
    "lilconfig": {
      "version": "2.0.4"
    },
    "lodash.difference": {
      "version": "4.5.0"
    },
    "lodash.forown": {
      "version": "4.4.0"
    },
    "lodash.get": {
      "version": "4.4.2"
    },
    "lodash.groupby": {
      "version": "4.6.0"
    },
    "lodash.sortby": {
      "version": "4.7.0"
    },
    "merge2": {
      "version": "1.4.1"
    },
    "micromatch": {
      "version": "4.0.4",
      "requires": {
        "braces": "^3.0.1",
        "picomatch": "^2.2.3"
      }
    },
    "nanoid": {
      "version": "3.1.30"
    },
    "node-releases": {
      "version": "2.0.1"
    },
    "normalize-path": {
      "version": "3.0.0"
    },
    "normalize-range": {
      "version": "0.1.2"
    },
    "path-type": {
      "version": "4.0.0"
    },
    "picocolors": {
      "version": "1.0.0"
    },
    "picomatch": {
      "version": "2.3.0"
    },
    "pify": {
      "version": "2.3.0"
    },
    "postcss": {
      "version": "8.4.5",
      "requires": {
        "nanoid": "^3.1.30",
        "picocolors": "^1.0.0",
        "source-map-js": "^1.0.1"
      }
    },
    "postcss-cli": {
      "version": "9.0.2",
      "requires": {
        "chokidar": "^3.3.0",
        "dependency-graph": "^0.11.0",
        "fs-extra": "^10.0.0",
        "get-stdin": "^9.0.0",
        "globby": "^12.0.0",
        "picocolors": "^1.0.0",
        "postcss-load-config": "^3.0.0",
        "postcss-reporter": "^7.0.0",
        "pretty-hrtime": "^1.0.3",
        "read-cache": "^1.0.0",
        "slash": "^4.0.0",
        "yargs": "^17.0.0"
      }
    },
    "postcss-load-config": {
      "version": "3.1.0",
      "requires": {
        "import-cwd": "^3.0.0",
        "lilconfig": "^2.0.3",
        "yaml": "^1.10.2"
      }
    },
    "postcss-reporter": {
      "version": "7.0.4",
      "requires": {
        "lodash.difference": "^4.5.0",
        "lodash.forown": "^4.4.0",
        "lodash.get": "^4.4.2",
        "lodash.groupby": "^4.6.0",
        "lodash.sortby": "^4.7.0",
        "picocolors": "^1.0.0"
      }
    },
    "postcss-value-parser": {
      "version": "4.2.0"
    },
    "prettier": {
      "version": "2.5.1",
      "dev": true
    },
    "pretty-hrtime": {
      "version": "1.0.3"
    },
    "queue-microtask": {
      "version": "1.2.3"
    },
    "read-cache": {
      "version": "1.0.0",
      "requires": {
        "pify": "^2.3.0"
      }
    },
    "readdirp": {
      "version": "3.6.0",
      "requires": {
        "picomatch": "^2.2.1"
      }
    },
    "require-directory": {
      "version": "2.1.1"
    },
    "resolve-from": {
      "version": "5.0.0"
    },
    "reusify": {
      "version": "1.0.4"
    },
    "run-parallel": {
      "version": "1.2.0",
      "requires": {
        "queue-microtask": "^1.2.2"
      }
    },
    "slash": {
      "version": "4.0.0"
    },
    "source-map-js": {
      "version": "1.0.1"
    },
    "string-width": {
      "version": "4.2.3",
      "requires": {
        "emoji-regex": "^8.0.0",
        "is-fullwidth-code-point": "^3.0.0",
        "strip-ansi": "^6.0.1"
      }
    },
    "strip-ansi": {
      "version": "6.0.1",
      "requires": {
        "ansi-regex": "^5.0.1"
      }
    },
    "to-regex-range": {
      "version": "5.0.1",
      "requires": {
        "is-number": "^7.0.0"
      }
    },
    "universalify": {
      "version": "2.0.0"
    },
    "wrap-ansi": {
      "version": "7.0.0",
      "requires": {
        "ansi-styles": "^4.0.0",
        "string-width": "^4.1.0",
        "strip-ansi": "^6.0.0"
      }
    },
    "y18n": {
      "version": "5.0.8"
    },
    "yaml": {
      "version": "1.10.2"
    },
    "yargs": {
      "version": "17.2.1",
      "requires": {
        "cliui": "^7.0.2",
        "escalade": "^3.1.1",
        "get-caller-file": "^2.0.5",
        "require-directory": "^2.1.1",
        "string-width": "^4.2.0",
        "y18n": "^5.0.5",
        "yargs-parser": "^20.2.2"
      }
    },
    "yargs-parser": {
      "version": "20.2.9"
    }
  }
}
